
Microsoft Visual Studio Solution File, Format Version 12.00
# Visual Studio 15
VisualStudioVersion = 15.0.27130.2010
MinimumVisualStudioVersion = 10.0.40219.1
Project("{FAE04EC0-301F-11D3-BF4B-00C04F79EFBC}") = "CityInfo.API", "CityInfo.API\CityInfo.API.csproj", "{D834B137-5CE7-4BA2-853A-44B56B481125}"
EndProject
Global
	GlobalSection(SolutionConfigurationPlatforms) = preSolution
		Debug|Any CPU = Debug|Any CPU
		Release|Any CPU = Release|Any CPU
	EndGlobalSection
	GlobalSection(ProjectConfigurationPlatforms) = postSolution
		{D834B137-5CE7-4BA2-853A-44B56B481125}.Debug|Any CPU.ActiveCfg = Debug|Any CPU
		{D834B137-5CE7-4BA2-853A-44B56B481125}.Debug|Any CPU.Build.0 = Debug|Any CPU
		{D834B137-5CE7-4BA2-853A-44B56B481125}.Release|Any CPU.ActiveCfg = Release|Any CPU
		{D834B137-5CE7-4BA2-853A-44B56B481125}.Release|Any CPU.Build.0 = Release|Any CPU
	EndGlobalSection
	GlobalSection(SolutionProperties) = preSolution
		HideSolutionNode = FALSE
	EndGlobalSection
	GlobalSection(ExtensibilityGlobals) = postSolution
		SolutionGuid = {775342BA-228A-4D25-984E-D216380D8F2A}
	EndGlobalSection
EndGlobal
